
Microsoft Visual Studio Solution File, Format Version 12.00
# Visual Studio Version 16
VisualStudioVersion = 16.0.30804.86
MinimumVisualStudioVersion = 10.0.40219.1
Project("{FAE04EC0-301F-11D3-BF4B-00C04F79EFBC}") = "Edabit", "Edabit.csproj", "{D29CF00D-2601-42FE-8D00-BED6BC3E757B}"
EndProject
Global
	GlobalSection(SolutionConfigurationPlatforms) = preSolution
		Debug|Any CPU = Debug|Any CPU
		Release|Any CPU = Release|Any CPU
	EndGlobalSection
	GlobalSection(ProjectConfigurationPlatforms) = postSolution
		{D29CF00D-2601-42FE-8D00-BED6BC3E757B}.Debug|Any CPU.ActiveCfg = Debug|Any CPU
		{D29CF00D-2601-42FE-8D00-BED6BC3E757B}.Debug|Any CPU.Build.0 = Debug|Any CPU
		{D29CF00D-2601-42FE-8D00-BED6BC3E757B}.Release|Any CPU.ActiveCfg = Release|Any CPU
		{D29CF00D-2601-42FE-8D00-BED6BC3E757B}.Release|Any CPU.Build.0 = Release|Any CPU
	EndGlobalSection
	GlobalSection(SolutionProperties) = preSolution
		HideSolutionNode = FALSE
	EndGlobalSection
	GlobalSection(ExtensibilityGlobals) = postSolution
		SolutionGuid = {725AEB13-A179-48E7-A02E-1A63F18BE69A}
	EndGlobalSection
EndGlobal
